{
  "name": "fenxiangbao",
  "version": "1.0.0",
  "lockfileVersion": 1,
  "dependencies": {
    "core-image-xhr": {
      "version": "1.0.3",
      "resolved": "http://registry.npm.taobao.org/core-image-xhr/download/core-image-xhr-1.0.3.tgz",
      "integrity": "sha1-khHXtcQSGa9atpuThMoqR9VytHY="
    },
    "numeral": {
      "version": "2.0.6",
      "resolved": "http://registry.npm.taobao.org/numeral/download/numeral-2.0.6.tgz",
      "integrity": "sha1-StCAk21EPCVhrtnyGX7//iX05QY="
    },
    "vue-core-image-upload": {
      "version": "2.3.10",
      "resolved": "http://registry.npm.taobao.org/vue-core-image-upload/download/vue-core-image-upload-2.3.10.tgz",
      "integrity": "sha1-ajkot29+QpYIguIykzPlkPqOkeQ=",
      "dependencies": {
        "vue": {
          "version": "2.5.8",
          "resolved": "http://registry.npm.taobao.org/vue/download/vue-2.5.8.tgz",
          "integrity": "sha1-+FXBwnJVGEqCIl9L7yJUc+j68Vs="
        }
      }
    }
  }
}
